Microsoft Visual Studio Solution File, Format Version 12.00
# Visual Studio Version 17
VisualStudioVersion = 17.5.2.0
MinimumVisualStudioVersion = 10.0.40219.1
Project("{FAE04EC0-301F-11D3-BF4B-00C04F79EFBC}") = "EternalQuestweek06", "EternalQuestweek06.csproj", "{3DFE5C99-7FAF-E284-316F-4E1FD747C2A3}"
EndProject
Global
	GlobalSection(SolutionConfigurationPlatforms) = preSolution
		Debug|Any CPU = Debug|Any CPU
		Release|Any CPU = Release|Any CPU
	EndGlobalSection
	GlobalSection(ProjectConfigurationPlatforms) = postSolution
		{3DFE5C99-7FAF-E284-316F-4E1FD747C2A3}.Debug|Any CPU.ActiveCfg = Debug|Any CPU
		{3DFE5C99-7FAF-E284-316F-4E1FD747C2A3}.Debug|Any CPU.Build.0 = Debug|Any CPU
		{3DFE5C99-7FAF-E284-316F-4E1FD747C2A3}.Release|Any CPU.ActiveCfg = Release|Any CPU
		{3DFE5C99-7FAF-E284-316F-4E1FD747C2A3}.Release|Any CPU.Build.0 = Release|Any CPU
	EndGlobalSection
	GlobalSection(SolutionProperties) = preSolution
		HideSolutionNode = FALSE
	EndGlobalSection
	GlobalSection(ExtensibilityGlobals) = postSolution
		SolutionGuid = {517D44E1-D061-4764-9A11-AE7D63734A36}
	EndGlobalSection
EndGlobal
